
Microsoft Visual Studio Solution File, Format Version 12.00
# Visual Studio 14
VisualStudioVersion = 14.0.23107.0
MinimumVisualStudioVersion = 10.0.40219.1
Project("{FAE04EC0-301F-11D3-BF4B-00C04F79EFBC}") = "ISEM 501", "ISEM 501\ISEM 501.csproj", "{57976B56-C56E-4624-96BA-82E26AA1CC6C}"
EndProject
Global
	GlobalSection(SolutionConfigurationPlatforms) = preSolution
		Debug|Any CPU = Debug|Any CPU
		Release|Any CPU = Release|Any CPU
	EndGlobalSection
	GlobalSection(ProjectConfigurationPlatforms) = postSolution
		{57976B56-C56E-4624-96BA-82E26AA1CC6C}.Debug|Any CPU.ActiveCfg = Debug|Any CPU
		{57976B56-C56E-4624-96BA-82E26AA1CC6C}.Debug|Any CPU.Build.0 = Debug|Any CPU
		{57976B56-C56E-4624-96BA-82E26AA1CC6C}.Release|Any CPU.ActiveCfg = Release|Any CPU
		{57976B56-C56E-4624-96BA-82E26AA1CC6C}.Release|Any CPU.Build.0 = Release|Any CPU
	EndGlobalSection
	GlobalSection(SolutionProperties) = preSolution
		HideSolutionNode = FALSE
	EndGlobalSection
EndGlobal
